
Microsoft Visual Studio Solution File, Format Version 12.00
# Visual Studio 2013
VisualStudioVersion = 12.0.31101.0
MinimumVisualStudioVersion = 10.0.40219.1
Project("{FAE04EC0-301F-11D3-BF4B-00C04F79EFBC}") = "Sequel", "Sequel\Sequel.csproj", "{2124871F-C502-4F44-9163-DE09D48E4FBA}"
EndProject
Project("{FAE04EC0-301F-11D3-BF4B-00C04F79EFBC}") = "Sequel.SQLiteTests.cs", "Sequel.SQLiteTests.cs\Sequel.SQLiteTests.cs.csproj", "{8330E1B5-35E6-4076-A2B5-62271CE13F21}"
EndProject
Project("{FAE04EC0-301F-11D3-BF4B-00C04F79EFBC}") = "Sequel.SqlServerTests.cs", "Sequel.SqlServerTests.cs\Sequel.SqlServerTests.cs.csproj", "{7E418716-5D62-483A-B40A-77B4A1646C49}"
EndProject
Project("{FAE04EC0-301F-11D3-BF4B-00C04F79EFBC}") = "Sequel.Tests", "Sequel.Tests\Sequel.Tests.csproj", "{4313715D-AAB3-4989-84BA-5956A3A3F5D2}"
EndProject
Project("{2150E333-8FDC-42A3-9474-1A3956D46DE8}") = ".nuget", ".nuget", "{9FA3ECF7-8585-44EB-8A43-E272CD6B5BF1}"
	ProjectSection(SolutionItems) = preProject
		.nuget\NuGet.Config = .nuget\NuGet.Config
		.nuget\NuGet.exe = .nuget\NuGet.exe
		.nuget\NuGet.targets = .nuget\NuGet.targets
	EndProjectSection
EndProject
Project("{2150E333-8FDC-42A3-9474-1A3956D46DE8}") = "Solution Items", "Solution Items", "{C467815A-50FB-4905-BBD7-FCF4B0F8702C}"
	ProjectSection(SolutionItems) = preProject
		README.md = README.md
	EndProjectSection
EndProject
Global
	GlobalSection(SolutionConfigurationPlatforms) = preSolution
		Debug|Any CPU = Debug|Any CPU
		Release|Any CPU = Release|Any CPU
	EndGlobalSection
	GlobalSection(ProjectConfigurationPlatforms) = postSolution
		{2124871F-C502-4F44-9163-DE09D48E4FBA}.Debug|Any CPU.ActiveCfg = Debug|Any CPU
		{2124871F-C502-4F44-9163-DE09D48E4FBA}.Debug|Any CPU.Build.0 = Debug|Any CPU
		{2124871F-C502-4F44-9163-DE09D48E4FBA}.Release|Any CPU.ActiveCfg = Release|Any CPU
		{2124871F-C502-4F44-9163-DE09D48E4FBA}.Release|Any CPU.Build.0 = Release|Any CPU
		{8330E1B5-35E6-4076-A2B5-62271CE13F21}.Debug|Any CPU.ActiveCfg = Debug|Any CPU
		{8330E1B5-35E6-4076-A2B5-62271CE13F21}.Debug|Any CPU.Build.0 = Debug|Any CPU
		{8330E1B5-35E6-4076-A2B5-62271CE13F21}.Release|Any CPU.ActiveCfg = Release|Any CPU
		{8330E1B5-35E6-4076-A2B5-62271CE13F21}.Release|Any CPU.Build.0 = Release|Any CPU
		{7E418716-5D62-483A-B40A-77B4A1646C49}.Debug|Any CPU.ActiveCfg = Debug|Any CPU
		{7E418716-5D62-483A-B40A-77B4A1646C49}.Debug|Any CPU.Build.0 = Debug|Any CPU
		{7E418716-5D62-483A-B40A-77B4A1646C49}.Release|Any CPU.ActiveCfg = Release|Any CPU
		{7E418716-5D62-483A-B40A-77B4A1646C49}.Release|Any CPU.Build.0 = Release|Any CPU
		{4313715D-AAB3-4989-84BA-5956A3A3F5D2}.Debug|Any CPU.ActiveCfg = Debug|Any CPU
		{4313715D-AAB3-4989-84BA-5956A3A3F5D2}.Debug|Any CPU.Build.0 = Debug|Any CPU
		{4313715D-AAB3-4989-84BA-5956A3A3F5D2}.Release|Any CPU.ActiveCfg = Release|Any CPU
		{4313715D-AAB3-4989-84BA-5956A3A3F5D2}.Release|Any CPU.Build.0 = Release|Any CPU
	EndGlobalSection
	GlobalSection(SolutionProperties) = preSolution
		HideSolutionNode = FALSE
	EndGlobalSection
EndGlobal
